
Microsoft Visual Studio Solution File, Format Version 12.00
# Visual Studio Version 16
VisualStudioVersion = 16.0.32407.337
MinimumVisualStudioVersion = 10.0.40219.1
Project("{8BC9CEB8-8B4A-11D0-8D11-00A0C91BC942}") = "Target", "Target\Target.vcxproj", "{510DF14A-E955-4251-A345-0716B6FB1FB8}"
EndProject
Global
	GlobalSection(SolutionConfigurationPlatforms) = preSolution
		Debug|x64 = Debug|x64
		Debug|x86 = Debug|x86
		Release|x64 = Release|x64
		Release|x86 = Release|x86
	EndGlobalSection
	GlobalSection(ProjectConfigurationPlatforms) = postSolution
		{510DF14A-E955-4251-A345-0716B6FB1FB8}.Debug|x64.ActiveCfg = Debug|x64
		{510DF14A-E955-4251-A345-0716B6FB1FB8}.Debug|x64.Build.0 = Debug|x64
		{510DF14A-E955-4251-A345-0716B6FB1FB8}.Debug|x86.ActiveCfg = Debug|Win32
		{510DF14A-E955-4251-A345-0716B6FB1FB8}.Debug|x86.Build.0 = Debug|Win32
		{510DF14A-E955-4251-A345-0716B6FB1FB8}.Release|x64.ActiveCfg = Release|x64
		{510DF14A-E955-4251-A345-0716B6FB1FB8}.Release|x64.Build.0 = Release|x64
		{510DF14A-E955-4251-A345-0716B6FB1FB8}.Release|x86.ActiveCfg = Release|Win32
		{510DF14A-E955-4251-A345-0716B6FB1FB8}.Release|x86.Build.0 = Release|Win32
	EndGlobalSection
	GlobalSection(SolutionProperties) = preSolution
		HideSolutionNode = FALSE
	EndGlobalSection
	GlobalSection(ExtensibilityGlobals) = postSolution
		SolutionGuid = {3FDEA2F1-CB80-4F0A-B48E-71703711EAB5}
	EndGlobalSection
EndGlobal
